[[package]]
name = "attrs"
version = "22.1.0"
description = "Classes Without Boilerplate"
category = "dev"
optional = false
python-versions = ">=3.5"

[package.extras]
dev = ["cloudpickle", "coverage[toml] (>=5.0.2)", "furo", "hypothesis", "mypy (>=0.900,!=0.940)", "pre-commit", "pympler", "pytest (>=4.3.0)", "pytest-mypy-plugins", "sphinx", "sphinx-notfound-page", "zope.interface"]
docs = ["furo", "sphinx", "sphinx-notfound-page", "zope.interface"]
tests = ["cloudpickle", "coverage[toml] (>=5.0.2)", "hypothesis", "mypy (>=0.900,!=0.940)", "pympler", "pytest (>=4.3.0)", "pytest-mypy-plugins", "zope.interface"]
tests_no_zope = ["cloudpickle", "coverage[toml] (>=5.0.2)", "hypothesis", "mypy (>=0.900,!=0.940)", "pympler", "pytest (>=4.3.0)", "pytest-mypy-plugins"]

[[package]]
name = "backoff"
version = "1.11.1"
description = "Function decoration for backoff and retry"
category = "main"
optional = false
python-versions = ">=2.7, !=3.0.*, !=3.1.*, !=3.2.*, !=3.3.*, !=3.4.*"

[[package]]
name = "black"
version = "22.8.0"
description = "The uncompromising code formatter."
category = "dev"
optional = false
python-versions = ">=3.6.2"

[package.dependencies]
click = ">=8.0.0"
mypy-extensions = ">=0.4.3"
pathspec = ">=0.9.0"
platformdirs = ">=2"
tomli = {version = ">=1.1.0", markers = "python_full_version < \"3.11.0a7\""}

[package.extras]
colorama = ["colorama (>=0.4.3)"]
d = ["aiohttp (>=3.7.4)"]
jupyter = ["ipython (>=7.8.0)", "tokenize-rt (>=3.2.0)"]
uvloop = ["uvloop (>=0.15.2)"]

[[package]]
name = "click"
version = "8.0.4"
description = "Composable command line interface toolkit"
category = "dev"
optional = false
python-versions = ">=3.6"

[package.dependencies]
colorama = {version = "*", markers = "platform_system == \"Windows\""}

[[package]]
name = "colorama"
version = "0.4.5"
description = "Cross-platform colored terminal text."
category = "dev"
optional = false
python-versions = ">=2.7, !=3.0.*, !=3.1.*, !=3.2.*, !=3.3.*, !=3.4.*"

[[package]]
name = "deprecated"
version = "1.2.13"
description = "Python @deprecated decorator to deprecate old python classes, functions or methods."
category = "main"
optional = false
python-versions = ">=2.7, !=3.0.*, !=3.1.*, !=3.2.*, !=3.3.*"

[package.dependencies]
wrapt = ">=1.10,<2"

[package.extras]
dev = ["PyTest", "PyTest (<5)", "PyTest-Cov", "PyTest-Cov (<2.6)", "bump2version (<1)", "configparser (<5)", "importlib-metadata (<3)", "importlib-resources (<4)", "sphinx (<2)", "sphinxcontrib-websupport (<2)", "tox", "zipp (<2)"]

[[package]]
name = "flake8"
version = "5.0.4"
description = "the modular source code checker: pep8 pyflakes and co"
category = "dev"
optional = false
python-versions = ">=3.6.1"

[package.dependencies]
mccabe = ">=0.7.0,<0.8.0"
pycodestyle = ">=2.9.0,<2.10.0"
pyflakes = ">=2.5.0,<2.6.0"

[[package]]
name = "googleapis-common-protos"
version = "1.56.3"
description = "Common protobufs used in Google APIs"
category = "main"
optional = false
python-versions = ">=3.6"

[package.dependencies]
protobuf = ">=3.15.0,<5.0.0dev"

[package.extras]
grpc = ["grpcio (>=1.0.0,<2.0.0dev)"]

[[package]]
name = "grpcio"
version = "1.48.1"
description = "HTTP/2-based RPC framework"
category = "main"
optional = false
python-versions = ">=3.6"

[package.dependencies]
six = ">=1.5.2"

[package.extras]
protobuf = ["grpcio-tools (>=1.48.1)"]

[[package]]
name = "iniconfig"
version = "1.1.1"
description = "iniconfig: brain-dead simple config-ini parsing"
category = "dev"
optional = false
python-versions = "*"

[[package]]
name = "isort"
version = "5.10.1"
description = "A Python utility / library to sort Python imports."
category = "dev"
optional = false
python-versions = ">=3.6.1,<4.0"

[package.extras]
colors = ["colorama (>=0.4.3,<0.5.0)"]
pipfile_deprecated_finder = ["pipreqs", "requirementslib"]
plugins = ["setuptools"]
requirements_deprecated_finder = ["pip-api", "pipreqs"]

[[package]]
name = "mccabe"
version = "0.7.0"
description = "McCabe checker, plugin for flake8"
category = "dev"
optional = false
python-versions = ">=3.6"

[[package]]
name = "mypy"
version = "0.971"
description = "Optional static typing for Python"
category = "dev"
optional = false
python-versions = ">=3.6"

[package.dependencies]
mypy-extensions = ">=0.4.3"
tomli = {version = ">=1.1.0", markers = "python_version < \"3.11\""}
typing-extensions = ">=3.10"

[package.extras]
dmypy = ["psutil (>=4.0)"]
python2 = ["typed-ast (>=1.4.0,<2)"]
reports = ["lxml"]

[[package]]
name = "mypy-extensions"
version = "0.4.3"
description = "Experimental type system extensions for programs checked with the mypy typechecker."
category = "dev"
optional = false
python-versions = "*"

[[package]]
name = "opentelemetry-api"
version = "1.12.0"
description = "OpenTelemetry Python API"
category = "main"
optional = false
python-versions = ">=3.6"

[package.dependencies]
Deprecated = ">=1.2.6"
setuptools = ">=16.0"

[[package]]
name = "opentelemetry-exporter-otlp-proto-grpc"
version = "1.12.0"
description = "OpenTelemetry Collector Protobuf over gRPC Exporter"
category = "main"
optional = false
python-versions = ">=3.6"

[package.dependencies]
backoff = {version = ">=1.10.0,<3.0.0", markers = "python_version >= \"3.7\""}
googleapis-common-protos = ">=1.52,<2.0"
grpcio = ">=1.0.0,<2.0.0"
opentelemetry-api = ">=1.3,<2.0"
opentelemetry-proto = "1.12.0"
opentelemetry-sdk = ">=1.11,<2.0"

[package.extras]
test = ["pytest-grpc"]

[[package]]
name = "opentelemetry-propagator-b3"
version = "1.12.0"
description = "OpenTelemetry B3 Propagator"
category = "main"
optional = false
python-versions = ">=3.6"

[package.dependencies]
deprecated = ">=1.2.6"
opentelemetry-api = ">=1.3,<2.0"

[[package]]
name = "opentelemetry-propagator-jaeger"
version = "1.12.0"
description = "OpenTelemetry Jaeger Propagator"
category = "main"
optional = false
python-versions = ">=3.6"

[package.dependencies]
opentelemetry-api = ">=1.3,<2.0"

[[package]]
name = "opentelemetry-proto"
version = "1.12.0"
description = "OpenTelemetry Python Proto"
category = "main"
optional = false
python-versions = ">=3.6"

[package.dependencies]
protobuf = ">=3.13,<4.0"

[[package]]
name = "opentelemetry-sdk"
version = "1.12.0"
description = "OpenTelemetry Python SDK"
category = "main"
optional = false
python-versions = ">=3.6"

[package.dependencies]
opentelemetry-api = "1.12.0"
opentelemetry-semantic-conventions = "0.33b0"
setuptools = ">=16.0"
typing-extensions = ">=3.7.4"

[[package]]
name = "opentelemetry-semantic-conventions"
version = "0.33b0"
description = "OpenTelemetry Semantic Conventions"
category = "main"
optional = false
python-versions = ">=3.6"

[[package]]
name = "packaging"
version = "21.3"
description = "Core utilities for Python packages"
category = "dev"
optional = false
python-versions = ">=3.6"

[package.dependencies]
pyparsing = ">=2.0.2,<3.0.5 || >3.0.5"

[[package]]
name = "pathspec"
version = "0.9.0"
description = "Utility library for gitignore style pattern matching of file paths."
category = "dev"
optional = false
python-versions = "!=3.0.*,!=3.1.*,!=3.2.*,!=3.3.*,!=3.4.*,>=2.7"

[[package]]
name = "platformdirs"
version = "2.4.0"
description = "A small Python module for determining appropriate platform-specific dirs, e.g. a \"user data dir\"."
category = "dev"
optional = false
python-versions = ">=3.6"

[package.extras]
docs = ["Sphinx (>=4)", "furo (>=2021.7.5b38)", "proselint (>=0.10.2)", "sphinx-autodoc-typehints (>=1.12)"]
test = ["appdirs (==1.4.4)", "pytest (>=6)", "pytest-cov (>=2.7)", "pytest-mock (>=3.6)"]

[[package]]
name = "pluggy"
version = "1.0.0"
description = "plugin and hook calling mechanisms for python"
category = "dev"
optional = false
python-versions = ">=3.6"

[package.extras]
dev = ["pre-commit", "tox"]
testing = ["pytest", "pytest-benchmark"]

[[package]]
name = "protobuf"
version = "3.19.5"
description = "Protocol Buffers"
category = "main"
optional = false
python-versions = ">=3.5"

[[package]]
name = "py"
version = "1.11.0"
description = "library with cross-python path, ini-parsing, io, code, log facilities"
category = "dev"
optional = false
python-versions = ">=2.7, !=3.0.*, !=3.1.*, !=3.2.*, !=3.3.*, !=3.4.*"

[[package]]
name = "pycodestyle"
version = "2.9.1"
description = "Python style guide checker"
category = "dev"
optional = false
python-versions = ">=3.6"

[[package]]
name = "pyflakes"
version = "2.5.0"
description = "passive checker of Python programs"
category = "dev"
optional = false
python-versions = ">=3.6"

[[package]]
name = "pyparsing"
version = "3.0.9"
description = "pyparsing module - Classes and methods to define and execute parsing grammars"
category = "dev"
optional = false
python-versions = ">=3.6.8"

[package.extras]
diagrams = ["jinja2", "railroad-diagrams"]

[[package]]
name = "pytest"
version = "7.1.3"
description = "pytest: simple powerful testing with Python"
category = "dev"
optional = false
python-versions = ">=3.7"

[package.dependencies]
attrs = ">=19.2.0"
colorama = {version = "*", markers = "sys_platform == \"win32\""}
iniconfig = "*"
packaging = "*"
pluggy = ">=0.12,<2.0"
py = ">=1.8.2"
tomli = ">=1.0.0"

[package.extras]
testing = ["argcomplete", "hypothesis (>=3.56)", "mock", "nose", "pygments (>=2.7.2)", "requests", "xmlschema"]

[[package]]
name = "setuptools"
version = "65.3.0"
description = "Easily download, build, install, upgrade, and uninstall Python packages"
category = "main"
optional = false
python-versions = ">=3.7"

[package.extras]
docs = ["furo", "jaraco.packaging (>=9)", "jaraco.tidelift (>=1.4)", "pygments-github-lexers (==0.0.5)", "rst.linker (>=1.9)", "sphinx", "sphinx-favicon", "sphinx-hoverxref (<2)", "sphinx-inline-tabs", "sphinx-notfound-page (==0.8.3)", "sphinx-reredirects", "sphinxcontrib-towncrier"]
testing = ["build[virtualenv]", "filelock (>=3.4.0)", "flake8 (<5)", "flake8-2020", "ini2toml[lite] (>=0.9)", "jaraco.envs (>=2.2)", "jaraco.path (>=3.2.0)", "mock", "pip (>=19.1)", "pip-run (>=8.8)", "pytest (>=6)", "pytest-black (>=0.3.7)", "pytest-checkdocs (>=2.4)", "pytest-cov", "pytest-enabler (>=1.3)", "pytest-flake8", "pytest-mypy (>=0.9.1)", "pytest-perf", "pytest-xdist", "tomli-w (>=1.0.0)", "virtualenv (>=13.0.0)", "wheel"]
testing-integration = ["build[virtualenv]", "filelock (>=3.4.0)", "jaraco.envs (>=2.2)", "jaraco.path (>=3.2.0)", "pytest", "pytest-enabler", "pytest-xdist", "tomli", "virtualenv (>=13.0.0)", "wheel"]

[[package]]
name = "six"
version = "1.16.0"
description = "Python 2 and 3 compatibility utilities"
category = "main"
optional = false
python-versions = ">=2.7, !=3.0.*, !=3.1.*, !=3.2.*"

[[package]]
name = "tomli"
version = "1.2.3"
description = "A lil' TOML parser"
category = "dev"
optional = false
python-versions = ">=3.6"

[[package]]
name = "typing-extensions"
version = "4.1.1"
description = "Backported and Experimental Type Hints for Python 3.6+"
category = "main"
optional = false
python-versions = ">=3.6"

[[package]]
name = "wrapt"
version = "1.14.1"
description = "Module for decorators, wrappers and monkey patching."
category = "main"
optional = false
python-versions = "!=3.0.*,!=3.1.*,!=3.2.*,!=3.3.*,!=3.4.*,>=2.7"

[metadata]
lock-version = "1.1"
python-versions = ">=3.10,<4.0"
content-hash = "4df628da362c506927c478e70ea7fd6e4d5032b4f11553eb44165c928ff74c4b"

[metadata.files]
attrs = [
    {file = "attrs-22.1.0-py2.py3-none-any.whl", hash = "sha256:86efa402f67bf2df34f51a335487cf46b1ec130d02b8d39fd248abfd30da551c"},
    {file = "attrs-22.1.0.tar.gz", hash = "sha256:29adc2665447e5191d0e7c568fde78b21f9672d344281d0c6e1ab085429b22b6"},
]
backoff = [
    {file = "backoff-1.11.1-py2.py3-none-any.whl", hash = "sha256:61928f8fa48d52e4faa81875eecf308eccfb1016b018bb6bd21e05b5d90a96c5"},
    {file = "backoff-1.11.1.tar.gz", hash = "sha256:ccb962a2378418c667b3c979b504fdeb7d9e0d29c0579e3b13b86467177728cb"},
]
black = [
    {file = "black-22.8.0-cp310-cp310-macosx_10_9_universal2.whl", hash = "sha256:ce957f1d6b78a8a231b18e0dd2d94a33d2ba738cd88a7fe64f53f659eea49fdd"},
    {file = "black-22.8.0-cp310-cp310-macosx_10_9_x86_64.whl", hash = "sha256:5107ea36b2b61917956d018bd25129baf9ad1125e39324a9b18248d362156a27"},
    {file = "black-22.8.0-cp310-cp310-macosx_11_0_arm64.whl", hash = "sha256:e8166b7bfe5dcb56d325385bd1d1e0f635f24aae14b3ae437102dedc0c186747"},
    {file = "black-22.8.0-cp310-cp310-manylinux_2_17_x86_64.manylinux2014_x86_64.whl", hash = "sha256:dd82842bb272297503cbec1a2600b6bfb338dae017186f8f215c8958f8acf869"},
    {file = "black-22.8.0-cp310-cp310-win_amd64.whl", hash = "sha256:d839150f61d09e7217f52917259831fe2b689f5c8e5e32611736351b89bb2a90"},
    {file = "black-22.8.0-cp36-cp36m-macosx_10_9_x86_64.whl", hash = "sha256:a05da0430bd5ced89176db098567973be52ce175a55677436a271102d7eaa3fe"},
    {file = "black-22.8.0-cp36-cp36m-manylinux_2_17_x86_64.manylinux2014_x86_64.whl", hash = "sha256:4a098a69a02596e1f2a58a2a1c8d5a05d5a74461af552b371e82f9fa4ada8342"},
    {file = "black-22.8.0-cp36-cp36m-win_amd64.whl", hash = "sha256:5594efbdc35426e35a7defa1ea1a1cb97c7dbd34c0e49af7fb593a36bd45edab"},
    {file = "black-22.8.0-cp37-cp37m-macosx_10_9_x86_64.whl", hash = "sha256:a983526af1bea1e4cf6768e649990f28ee4f4137266921c2c3cee8116ae42ec3"},
    {file = "black-22.8.0-cp37-cp37m-manylinux_2_17_x86_64.manylinux2014_x86_64.whl", hash = "sha256:3b2c25f8dea5e8444bdc6788a2f543e1fb01494e144480bc17f806178378005e"},
    {file = "black-22.8.0-cp37-cp37m-win_amd64.whl", hash = "sha256:78dd85caaab7c3153054756b9fe8c611efa63d9e7aecfa33e533060cb14b6d16"},
    {file = "black-22.8.0-cp38-cp38-macosx_10_9_universal2.whl", hash = "sha256:cea1b2542d4e2c02c332e83150e41e3ca80dc0fb8de20df3c5e98e242156222c"},
    {file = "black-22.8.0-cp38-cp38-macosx_10_9_x86_64.whl", hash = "sha256:5b879eb439094751185d1cfdca43023bc6786bd3c60372462b6f051efa6281a5"},
    {file = "black-22.8.0-cp38-cp38-macosx_11_0_arm64.whl", hash = "sha256:0a12e4e1353819af41df998b02c6742643cfef58282915f781d0e4dd7a200411"},
    {file = "black-22.8.0-cp38-cp38-manylinux_2_17_x86_64.manylinux2014_x86_64.whl", hash = "sha256:c3a73f66b6d5ba7288cd5d6dad9b4c9b43f4e8a4b789a94bf5abfb878c663eb3"},
    {file = "black-22.8.0-cp38-cp38-win_amd64.whl", hash = "sha256:e981e20ec152dfb3e77418fb616077937378b322d7b26aa1ff87717fb18b4875"},
    {file = "black-22.8.0-cp39-cp39-macosx_10_9_universal2.whl", hash = "sha256:8ce13ffed7e66dda0da3e0b2eb1bdfc83f5812f66e09aca2b0978593ed636b6c"},
    {file = "black-22.8.0-cp39-cp39-macosx_10_9_x86_64.whl", hash = "sha256:32a4b17f644fc288c6ee2bafdf5e3b045f4eff84693ac069d87b1a347d861497"},
    {file = "black-22.8.0-cp39-cp39-macosx_11_0_arm64.whl", hash = "sha256:0ad827325a3a634bae88ae7747db1a395d5ee02cf05d9aa7a9bd77dfb10e940c"},
    {file = "black-22.8.0-cp39-cp39-manylinux_2_17_x86_64.manylinux2014_x86_64.whl", hash = "sha256:53198e28a1fb865e9fe97f88220da2e44df6da82b18833b588b1883b16bb5d41"},
    {file = "black-22.8.0-cp39-cp39-win_amd64.whl", hash = "sha256:bc4d4123830a2d190e9cc42a2e43570f82ace35c3aeb26a512a2102bce5af7ec"},
    {file = "black-22.8.0-py3-none-any.whl", hash = "sha256:d2c21d439b2baf7aa80d6dd4e3659259be64c6f49dfd0f32091063db0e006db4"},
    {file = "black-22.8.0.tar.gz", hash = "sha256:792f7eb540ba9a17e8656538701d3eb1afcb134e3b45b71f20b25c77a8db7e6e"},
]
click = [
    {file = "click-8.0.4-py3-none-any.whl", hash = "sha256:6a7a62563bbfabfda3a38f3023a1db4a35978c0abd76f6c9605ecd6554d6d9b1"},
    {file = "click-8.0.4.tar.gz", hash = "sha256:8458d7b1287c5fb128c90e23381cf99dcde74beaf6c7ff6384ce84d6fe090adb"},
]
colorama = [
    {file = "colorama-0.4.5-py2.py3-none-any.whl", hash = "sha256:854bf444933e37f5824ae7bfc1e98d5bce2ebe4160d46b5edf346a89358e99da"},
    {file = "colorama-0.4.5.tar.gz", hash = "sha256:e6c6b4334fc50988a639d9b98aa429a0b57da6e17b9a44f0451f930b6967b7a4"},
]
deprecated = [
    {file = "Deprecated-1.2.13-py2.py3-none-any.whl", hash = "sha256:64756e3e14c8c5eea9795d93c524551432a0be75629f8f29e67ab8caf076c76d"},
    {file = "Deprecated-1.2.13.tar.gz", hash = "sha256:43ac5335da90c31c24ba028af536a91d41d53f9e6901ddb021bcc572ce44e38d"},
]
flake8 = [
    {file = "flake8-5.0.4-py2.py3-none-any.whl", hash = "sha256:7a1cf6b73744f5806ab95e526f6f0d8c01c66d7bbe349562d22dfca20610b248"},
    {file = "flake8-5.0.4.tar.gz", hash = "sha256:6fbe320aad8d6b95cec8b8e47bc933004678dc63095be98528b7bdd2a9f510db"},
]
googleapis-common-protos = [
    {file = "googleapis-common-protos-1.56.3.tar.gz", hash = "sha256:6f1369b58ed6cf3a4b7054a44ebe8d03b29c309257583a2bbdc064cd1e4a1442"},
    {file = "googleapis_common_protos-1.56.3-py2.py3-none-any.whl", hash = "sha256:87955d7b3a73e6e803f2572a33179de23989ebba725e05ea42f24838b792e461"},
]
grpcio = [
    {file = "grpcio-1.48.1-cp310-cp310-linux_armv7l.whl", hash = "sha256:19f9c021ae858d3ef6d5ec4c0acf3f0b0a61e599e5aa36c36943c209520a0e66"},
    {file = "grpcio-1.48.1-cp310-cp310-macosx_10_10_x86_64.whl", hash = "sha256:b0fa666fecdb1b118d37823937e9237afa17fe734fc4dbe6dd642e1e4cca0246"},
    {file = "grpcio-1.48.1-cp310-cp310-manylinux_2_17_aarch64.whl", hash = "sha256:a661d4b9b314327dec1e92ed57e591e8e5eb055700e0ba9e9687f734d922dcb6"},
    {file = "grpcio-1.48.1-cp310-cp310-manylinux_2_17_i686.manylinux2014_i686.whl", hash = "sha256:598c8c42420443c55431eba1821c7a2f72707f1ff674a4de9e0bb03282923cfb"},
    {file = "grpcio-1.48.1-cp310-cp310-manylinux_2_17_x86_64.manylinux2014_x86_64.whl", hash = "sha256:1c924d4e0493fd536ba3b82584b370e8b3c809ef341f9f828cff2dc3c761b3ab"},
    {file = "grpcio-1.48.1-cp310-cp310-musllinux_1_1_i686.whl", hash = "sha256:a5edbcb8289681fcb5ded7542f2b7dd456489e83007a95e32fcaf55e9f18603e"},
    {file = "grpcio-1.48.1-cp310-cp310-musllinux_1_1_x86_64.whl", hash = "sha256:9d116106cf220c79e91595523c893f1cf09ec0c2ea49de4fb82152528b7e6833"},
    {file = "grpcio-1.48.1-cp310-cp310-win32.whl", hash = "sha256:5d81cd3c161291339ed3b469250c2f5013c3083dea7796e93aedff8f05fdcec1"},
    {file = "grpcio-1.48.1-cp310-cp310-win_amd64.whl", hash = "sha256:d751f8beb383c4a5a95625d7ccc1ab183b98b02c6a88924814ea7fbff530872d"},
    {file = "grpcio-1.48.1-cp36-cp36m-linux_armv7l.whl", hash = "sha256:1471e6f25a8e47d9f88499f48c565fc5b2876e8ee91bfb0ff33eaadd188b7ea6"},
    {file = "grpcio-1.48.1-cp36-cp36m-macosx_10_10_x86_64.whl", hash = "sha256:9fba1d0ba7cf56811728f1951c800a9aca6677e86433c5e353f2cc2c4039fda6"},
    {file = "grpcio-1.48.1-cp36-cp36m-manylinux_2_17_aarch64.whl", hash = "sha256:f3a99ed422c38bd1bc893cb2cb2cea6d64173ec30927f699e95f5f58bdf625cf"},
    {file = "grpcio-1.48.1-cp36-cp36m-manylinux_2_17_i686.manylinux2014_i686.whl", hash = "sha256:b005502c59835f9ba3c3f8742f64c19eeb3db41eae1a89b035a559b39b421803"},
    {file = "grpcio-1.48.1-cp36-cp36m-manylinux_2_17_x86_64.manylinux2014_x86_64.whl", hash = "sha256:f0ef1dafb4eadeaca58aec8c721a5a73d551064b0c63d57fa003e233277c642e"},
    {file = "grpcio-1.48.1-cp36-cp36m-musllinux_1_1_i686.whl", hash = "sha256:9477967e605ba08715dcc769b5ee0f0d8b22bda40ef25a0df5a8759e5a4d21a5"},
    {file = "grpcio-1.48.1-cp36-cp36m-musllinux_1_1_x86_64.whl", hash = "sha256:dbba883c2b6d63949bc98ab1950bc22cf7c8d4e8cb68de6edde49d3cccd8fd26"},
    {file = "grpcio-1.48.1-cp36-cp36m-win32.whl", hash = "sha256:8bbaa6647986b874891bc682a1093df54cbdb073b5d4b844a2b480c47c7ffafd"},
    {file = "grpcio-1.48.1-cp36-cp36m-win_amd64.whl", hash = "sha256:e02f6ba10a3d4e289fa7ae91b301783a750d118b60f17924ca05e506c7d29bc8"},
    {file = "grpcio-1.48.1-cp37-cp37m-linux_armv7l.whl", hash = "sha256:97dc35a99c61d5f35ec6457d3df0a4695ba9bb04a35686e1c254462b15c53f98"},
    {file = "grpcio-1.48.1-cp37-cp37m-macosx_10_10_x86_64.whl", hash = "sha256:ca382028cdfd2d79b7704b2acb8ae1fb54e9e1a03a6765e1895ba89a6fcfaba1"},
    {file = "grpcio-1.48.1-cp37-cp37m-manylinux_2_17_aarch64.whl", hash = "sha256:3d319a0c89ffac9b8dfc75bfe727a4c835d18bbccc14203b20eb5949c6c7d87d"},
    {file = "grpcio-1.48.1-cp37-cp37m-manylinux_2_17_i686.manylinux2014_i686.whl", hash = "sha256:a1b81849061c67c2ffaa6ed27aa3d9b0762e71e68e784e24b0330b7b1c67470a"},
    {file = "grpcio-1.48.1-cp37-cp37m-manylinux_2_17_x86_64.manylinux2014_x86_64.whl", hash = "sha256:1ff1be0474846ed15682843b187e6062f845ddfeaceb2b28972073f474f7b735"},
    {file = "grpcio-1.48.1-cp37-cp37m-musllinux_1_1_i686.whl", hash = "sha256:53b6306f9473020bc47ddf64ca704356466e63d5f88f5c2a7bf0a4692e7f03c4"},
    {file = "grpcio-1.48.1-cp37-cp37m-musllinux_1_1_x86_64.whl", hash = "sha256:dad2501603f954f222a6e555413c454a5f8d763ab910fbab3855bcdfef6b3148"},
    {file = "grpcio-1.48.1-cp37-cp37m-win32.whl", hash = "sha256:4786323555a9f2c6380cd9a9922bcfd42165a51d68d242eebfcdfdc667651c96"},
    {file = "grpcio-1.48.1-cp37-cp37m-win_amd64.whl", hash = "sha256:934aad7350d9577f4275e787f3d91d3c8ff4efffa8d6b807d343d3c891ff53eb"},
    {file = "grpcio-1.48.1-cp38-cp38-linux_armv7l.whl", hash = "sha256:2563357697f5f2d7fd80c1b07a57ef4736551327ad84de604e7b9f6c1b6b4e20"},
    {file = "grpcio-1.48.1-cp38-cp38-macosx_10_10_x86_64.whl", hash = "sha256:1d065f40fe74b52b88a6c42d4373a0983f1b0090f952a0747f34f2c11d6cbc64"},
    {file = "grpcio-1.48.1-cp38-cp38-manylinux_2_17_aarch64.whl", hash = "sha256:3340cb2224cc397954def015729391d85fb31135b5a7efca363e73e6f1b0e908"},
    {file = "grpcio-1.48.1-cp38-cp38-manylinux_2_17_i686.manylinux2014_i686.whl", hash = "sha256:d03009a26f7edca9f0a581aa5d3153242b815b858cb4790e34a955afb303c6ba"},
    {file = "grpcio-1.48.1-cp38-cp38-manylinux_2_17_x86_64.manylinux2014_x86_64.whl", hash = "sha256:53fa2fc1a1713195fa7acf7443a6f59b6ac7837607690f813c66cc18a9cb8135"},
    {file = "grpcio-1.48.1-cp38-cp38-musllinux_1_1_i686.whl", hash = "sha256:5a6a750c8324f3974e95265d3f9a0541573c537af1f67b3f6f46bf9c0b2e1b36"},
    {file = "grpcio-1.48.1-cp38-cp38-musllinux_1_1_x86_64.whl", hash = "sha256:626822d799d8fab08f07c8d95ef5c36213d24143f7cad3f548e97413db9f4110"},
    {file = "grpcio-1.48.1-cp38-cp38-win32.whl", hash = "sha256:ca5209ef89f7607be47a308fa92308cf079805ed556ecda672f00039a26e366f"},
    {file = "grpcio-1.48.1-cp38-cp38-win_amd64.whl", hash = "sha256:7cee20a4f873d61274d70c28ff63d19677d9eeea869c6a9cbaf3a00712336b6c"},
    {file = "grpcio-1.48.1-cp39-cp39-linux_armv7l.whl", hash = "sha256:460f5bec23fffa3c041aeba1f93a0f06b7a29e6a4da3658a52e1a866494920ab"},
    {file = "grpcio-1.48.1-cp39-cp39-macosx_10_10_x86_64.whl", hash = "sha256:c54734a6eb3be544d332e65c846236d02e5fc71325e8c53af91e83a46b87b506"},
    {file = "grpcio-1.48.1-cp39-cp39-manylinux_2_17_aarch64.whl", hash = "sha256:c6b6969c529521c86884a13745a4b68930db1ef2e051735c0f479d0a7adb25b6"},
    {file = "grpcio-1.48.1-cp39-cp39-manylinux_2_17_i686.manylinux2014_i686.whl", hash = "sha256:346bef672a1536d59437210f16af35389d715d2b321bfe4899b3d6476a196706"},
    {file = "grpcio-1.48.1-cp39-cp39-manylinux_2_17_x86_64.manylinux2014_x86_64.whl", hash = "sha256:f29627d66ae816837fd32c9450dc9c54780962cd74d034513ed829ba3ab46652"},
    {file = "grpcio-1.48.1-cp39-cp39-musllinux_1_1_i686.whl", hash = "sha256:b01faf7934c606d5050cf055c1d03943180f23d995d68d04cf50c80d1ef2c65a"},
    {file = "grpcio-1.48.1-cp39-cp39-musllinux_1_1_x86_64.whl", hash = "sha256:741eeff39a26d26da2b6d74ff0559f882ee95ee4e3b20c0b4b829021cb917f96"},
    {file = "grpcio-1.48.1-cp39-cp39-win32.whl", hash = "sha256:a15409bc1d05c52ecb00f5e42ab8ff280e7149f2eb854728f628fb2a0a161a5b"},
    {file = "grpcio-1.48.1-cp39-cp39-win_amd64.whl", hash = "sha256:2b6c336409937fd1cd2bf78eb72651f44d292d88da5e63059a4e8bd01b9d7411"},
    {file = "grpcio-1.48.1.tar.gz", hash = "sha256:660217eccd2943bf23ea9a36e2a292024305aec04bf747fbcff1f5032b83610e"},
]
iniconfig = [
    {file = "iniconfig-1.1.1-py2.py3-none-any.whl", hash = "sha256:011e24c64b7f47f6ebd835bb12a743f2fbe9a26d4cecaa7f53bc4f35ee9da8b3"},
    {file = "iniconfig-1.1.1.tar.gz", hash = "sha256:bc3af051d7d14b2ee5ef9969666def0cd1a000e121eaea580d4a313df4b37f32"},
]
isort = [
    {file = "isort-5.10.1-py3-none-any.whl", hash = "sha256:6f62d78e2f89b4500b080fe3a81690850cd254227f27f75c3a0c491a1f351ba7"},
    {file = "isort-5.10.1.tar.gz", hash = "sha256:e8443a5e7a020e9d7f97f1d7d9cd17c88bcb3bc7e218bf9cf5095fe550be2951"},
]
mccabe = [
    {file = "mccabe-0.7.0-py2.py3-none-any.whl", hash = "sha256:6c2d30ab6be0e4a46919781807b4f0d834ebdd6c6e3dca0bda5a15f863427b6e"},
    {file = "mccabe-0.7.0.tar.gz", hash = "sha256:348e0240c33b60bbdf4e523192ef919f28cb2c3d7d5c7794f74009290f236325"},
]
mypy = [
    {file = "mypy-0.971-cp310-cp310-macosx_10_9_universal2.whl", hash = "sha256:f2899a3cbd394da157194f913a931edfd4be5f274a88041c9dc2d9cdcb1c315c"},
    {file = "mypy-0.971-cp310-cp310-macosx_10_9_x86_64.whl", hash = "sha256:98e02d56ebe93981c41211c05adb630d1d26c14195d04d95e49cd97dbc046dc5"},
    {file = "mypy-0.971-cp310-cp310-macosx_11_0_arm64.whl", hash = "sha256:19830b7dba7d5356d3e26e2427a2ec91c994cd92d983142cbd025ebe81d69cf3"},
    {file = "mypy-0.971-cp310-cp310-manylinux_2_5_x86_64.manylinux1_x86_64.manylinux_2_12_x86_64.manylinux2010_x86_64.whl", hash = "sha256:02ef476f6dcb86e6f502ae39a16b93285fef97e7f1ff22932b657d1ef1f28655"},
    {file = "mypy-0.971-cp310-cp310-win_amd64.whl", hash = "sha256:25c5750ba5609a0c7550b73a33deb314ecfb559c350bb050b655505e8aed4103"},
    {file = "mypy-0.971-cp36-cp36m-macosx_10_9_x86_64.whl", hash = "sha256:d3348e7eb2eea2472db611486846742d5d52d1290576de99d59edeb7cd4a42ca"},
    {file = "mypy-0.971-cp36-cp36m-manylinux_2_5_x86_64.manylinux1_x86_64.manylinux_2_12_x86_64.manylinux2010_x86_64.whl", hash = "sha256:3fa7a477b9900be9b7dd4bab30a12759e5abe9586574ceb944bc29cddf8f0417"},
    {file = "mypy-0.971-cp36-cp36m-win_amd64.whl", hash = "sha256:2ad53cf9c3adc43cf3bea0a7d01a2f2e86db9fe7596dfecb4496a5dda63cbb09"},
    {file = "mypy-0.971-cp37-cp37m-macosx_10_9_x86_64.whl", hash = "sha256:855048b6feb6dfe09d3353466004490b1872887150c5bb5caad7838b57328cc8"},
    {file = "mypy-0.971-cp37-cp37m-manylinux_2_5_x86_64.manylinux1_x86_64.manylinux_2_12_x86_64.manylinux2010_x86_64.whl", hash = "sha256:23488a14a83bca6e54402c2e6435467a4138785df93ec85aeff64c6170077fb0"},
    {file = "mypy-0.971-cp37-cp37m-win_amd64.whl", hash = "sha256:4b21e5b1a70dfb972490035128f305c39bc4bc253f34e96a4adf9127cf943eb2"},
    {file = "mypy-0.971-cp38-cp38-macosx_10_9_universal2.whl", hash = "sha256:9796a2ba7b4b538649caa5cecd398d873f4022ed2333ffde58eaf604c4d2cb27"},
    {file = "mypy-0.971-cp38-cp38-macosx_10_9_x86_64.whl", hash = "sha256:5a361d92635ad4ada1b1b2d3630fc2f53f2127d51cf2def9db83cba32e47c856"},
    {file = "mypy-0.971-cp38-cp38-macosx_11_0_arm64.whl", hash = "sha256:b793b899f7cf563b1e7044a5c97361196b938e92f0a4343a5d27966a53d2ec71"},
    {file = "mypy-0.971-cp38-cp38-manylinux_2_5_x86_64.manylinux1_x86_64.manylinux_2_12_x86_64.manylinux2010_x86_64.whl", hash = "sha256:d1ea5d12c8e2d266b5fb8c7a5d2e9c0219fedfeb493b7ed60cd350322384ac27"},
    {file = "mypy-0.971-cp38-cp38-win_amd64.whl", hash = "sha256:23c7ff43fff4b0df93a186581885c8512bc50fc4d4910e0f838e35d6bb6b5e58"},
    {file = "mypy-0.971-cp39-cp39-macosx_10_9_universal2.whl", hash = "sha256:1f7656b69974a6933e987ee8ffb951d836272d6c0f81d727f1d0e2696074d9e6"},
    {file = "mypy-0.971-cp39-cp39-macosx_10_9_x86_64.whl", hash = "sha256:d2022bfadb7a5c2ef410d6a7c9763188afdb7f3533f22a0a32be10d571ee4bbe"},
    {file = "mypy-0.971-cp39-cp39-macosx_11_0_arm64.whl", hash = "sha256:ef943c72a786b0f8d90fd76e9b39ce81fb7171172daf84bf43eaf937e9f220a9"},
    {file = "mypy-0.971-cp39-cp39-manylinux_2_5_x86_64.manylinux1_x86_64.manylinux_2_12_x86_64.manylinux2010_x86_64.whl", hash = "sha256:d744f72eb39f69312bc6c2abf8ff6656973120e2eb3f3ec4f758ed47e414a4bf"},
    {file = "mypy-0.971-cp39-cp39-win_amd64.whl", hash = "sha256:77a514ea15d3007d33a9e2157b0ba9c267496acf12a7f2b9b9f8446337aac5b0"},
    {file = "mypy-0.971-py3-none-any.whl", hash = "sha256:0d054ef16b071149917085f51f89555a576e2618d5d9dd70bd6eea6410af3ac9"},
    {file = "mypy-0.971.tar.gz", hash = "sha256:40b0f21484238269ae6a57200c807d80debc6459d444c0489a102d7c6a75fa56"},
]
mypy-extensions = [
    {file = "mypy_extensions-0.4.3-py2.py3-none-any.whl", hash = "sha256:090fedd75945a69ae91ce1303b5824f428daf5a028d2f6ab8a299250a846f15d"},
    {file = "mypy_extensions-0.4.3.tar.gz", hash = "sha256:2d82818f5bb3e369420cb3c4060a7970edba416647068eb4c5343488a6c604a8"},
]
opentelemetry-api = [
    {file = "opentelemetry-api-1.12.0.tar.gz", hash = "sha256:740c2cf9aa75e76c208b3ee04b3b3b3721f58bbac8e97019174f07ec12cde7af"},
    {file = "opentelemetry_api-1.12.0-py3-none-any.whl", hash = "sha256:2e1cef8ce175be6464f240422babfe1dfb581daec96f0daad5d0d0e951b38f7b"},
]
opentelemetry-exporter-otlp-proto-grpc = [
    {file = "opentelemetry-exporter-otlp-proto-grpc-1.12.0.tar.gz", hash = "sha256:b69a5b080cabcb4e69e5fb27f697def3fb59685b11360fa2db01bea827b9cc97"},
    {file = "opentelemetry_exporter_otlp_proto_grpc-1.12.0-py3-none-any.whl", hash = "sha256:4cb55908337ba2c05c1c74605d0eed2db7e122f0178b22afbe3b692ae5477985"},
]
opentelemetry-propagator-b3 = [
    {file = "opentelemetry-propagator-b3-1.12.0.tar.gz", hash = "sha256:621abb1b9cc582f8d78d4c155ea7dda0a82a0eba14654b63117cf636badfed50"},
    {file = "opentelemetry_propagator_b3-1.12.0-py3-none-any.whl", hash = "sha256:e0ee2f05083e51f36a63ca0ebebc83890c9d2569a3a62053013be1adf9d2c609"},
]
opentelemetry-propagator-jaeger = [
    {file = "opentelemetry-propagator-jaeger-1.12.0.tar.gz", hash = "sha256:eae3fd4559bf7960631d4aa8af77a2866047f99f7c88a53e5725f31a3890c94f"},
    {file = "opentelemetry_propagator_jaeger-1.12.0-py3-none-any.whl", hash = "sha256:30e284f27bcd04710c0aeea77fa15ba66903c1bfd3cf03089522b41b5d5d7043"},
]
opentelemetry-proto = [
    {file = "opentelemetry-proto-1.12.0.tar.gz", hash = "sha256:c7f3f2dab9060769ac3ca67b147a0433d7326d5622eed6ef8039afebd80591e3"},
    {file = "opentelemetry_proto-1.12.0-py3-none-any.whl", hash = "sha256:24dbdd6408e31e43fd83afee3989a8f533e565979fafdf526d4cff22e1583d77"},
]
opentelemetry-sdk = [
    {file = "opentelemetry-sdk-1.12.0.tar.gz", hash = "sha256:bf37830ca4f93d0910cf109749237c5cb4465e31a54dfad8400011e9822a2a14"},
    {file = "opentelemetry_sdk-1.12.0-py3-none-any.whl", hash = "sha256:d13be09765441c0513a3de01b7a2f56a7da36d902f60bff7c97f338903a57c34"},
]
opentelemetry-semantic-conventions = [
    {file = "opentelemetry-semantic-conventions-0.33b0.tar.gz", hash = "sha256:67d62461c87b683b958428ced79162ec4d567dabf30b050f270bbd01eff89ced"},
    {file = "opentelemetry_semantic_conventions-0.33b0-py3-none-any.whl", hash = "sha256:56b67b3f8f49413cbfbbeb32e9cf7b4c7dfb27a83064d959733766376ba11bc7"},
]
packaging = [
    {file = "packaging-21.3-py3-none-any.whl", hash = "sha256:ef103e05f519cdc783ae24ea4e2e0f508a9c99b2d4969652eed6a2e1ea5bd522"},
    {file = "packaging-21.3.tar.gz", hash = "sha256:dd47c42927d89ab911e606518907cc2d3a1f38bbd026385970643f9c5b8ecfeb"},
]
pathspec = [
    {file = "pathspec-0.9.0-py2.py3-none-any.whl", hash = "sha256:7d15c4ddb0b5c802d161efc417ec1a2558ea2653c2e8ad9c19098201dc1c993a"},
    {file = "pathspec-0.9.0.tar.gz", hash = "sha256:e564499435a2673d586f6b2130bb5b95f04a3ba06f81b8f895b651a3c76aabb1"},
]
platformdirs = [
    {file = "platformdirs-2.4.0-py3-none-any.whl", hash = "sha256:8868bbe3c3c80d42f20156f22e7131d2fb321f5bc86a2a345375c6481a67021d"},
    {file = "platformdirs-2.4.0.tar.gz", hash = "sha256:367a5e80b3d04d2428ffa76d33f124cf11e8fff2acdaa9b43d545f5c7d661ef2"},
]
pluggy = [
    {file = "pluggy-1.0.0-py2.py3-none-any.whl", hash = "sha256:74134bbf457f031a36d68416e1509f34bd5ccc019f0bcc952c7b909d06b37bd3"},
    {file = "pluggy-1.0.0.tar.gz", hash = "sha256:4224373bacce55f955a878bf9cfa763c1e360858e330072059e10bad68531159"},
]
protobuf = [
    {file = "protobuf-3.19.5-cp310-cp310-macosx_10_9_universal2.whl", hash = "sha256:6eca9ae238ba615d702387a2ddea635d535d769994a9968c09a4ca920c487ab9"},
    {file = "protobuf-3.19.5-cp310-cp310-manylinux2014_aarch64.whl", hash = "sha256:f2b599a21c9a32e171ec29a2ac54e03297736c578698e11b099d031f79da114b"},
    {file = "protobuf-3.19.5-cp310-cp310-manylinux_2_17_x86_64.manylinux2014_x86_64.whl", hash = "sha256:f976234e20ab2785f54224bcdafa027674e23663b132fa3ca0caa291a6cfbde7"},
    {file = "protobuf-3.19.5-cp310-cp310-win32.whl", hash = "sha256:4ee2af7051d3b10c8a4fe6fd1a2c69f201fea36aeee7086cf202a692e1b99ee1"},
    {file = "protobuf-3.19.5-cp310-cp310-win_amd64.whl", hash = "sha256:dca2284378a5f2a86ffed35c6ac147d14c48b525eefcd1083e5a9ce28dfa8657"},
    {file = "protobuf-3.19.5-cp36-cp36m-macosx_10_9_x86_64.whl", hash = "sha256:c0f80876a8ff0ae7064084ed094eb86497bd5a3812e6fc96a05318b92301674e"},
    {file = "protobuf-3.19.5-cp36-cp36m-manylinux_2_17_x86_64.manylinux2014_x86_64.whl", hash = "sha256:3c4160b601220627f7e91154e572baf5e161a9c3f445a8242d536ee3d0b7b17c"},
    {file = "protobuf-3.19.5-cp36-cp36m-win32.whl", hash = "sha256:f2bde37667b18c2b5280df83bc799204394a5d2d774e4deaf9de0eb741df6833"},
    {file = "protobuf-3.19.5-cp36-cp36m-win_amd64.whl", hash = "sha256:1867f93b06a183f87696871bb8d1e99ee71dbb69d468ce1f0cc8bf3d30f982f3"},
    {file = "protobuf-3.19.5-cp37-cp37m-macosx_10_9_x86_64.whl", hash = "sha256:a89aa0c042e61e11ade320b802d6db4ee5391d8d973e46d3a48172c1597789f8"},
    {file = "protobuf-3.19.5-cp37-cp37m-manylinux2014_aarch64.whl", hash = "sha256:f9cebda093c2f6bfed88f1c17cdade09d4d96096421b344026feee236532d4de"},
    {file = "protobuf-3.19.5-cp37-cp37m-manylinux_2_17_x86_64.manylinux2014_x86_64.whl", hash = "sha256:67efb5d20618020aa9596e17bfc37ca068c28ec0c1507d9507f73c93d46c9855"},
    {file = "protobuf-3.19.5-cp37-cp37m-win32.whl", hash = "sha256:950abd6c00e7b51f87ae8b18a0ce4d69fea217f62f171426e77de5061f6d9850"},
    {file = "protobuf-3.19.5-cp37-cp37m-win_amd64.whl", hash = "sha256:d3973a2d58aefc7d1230725c2447ce7f86a71cbc094b86a77c6ee1505ac7cdb1"},
    {file = "protobuf-3.19.5-cp38-cp38-macosx_10_9_x86_64.whl", hash = "sha256:9e1d74032f56ff25f417cfe84c8147047732e5059137ca42efad20cbbd25f5e0"},
    {file = "protobuf-3.19.5-cp38-cp38-manylinux2014_aarch64.whl", hash = "sha256:d249519ba5ecf5dd6b18150c9b6bcde510b273714b696f3923ff8308fc11ae49"},
    {file = "protobuf-3.19.5-cp38-cp38-manylinux_2_17_x86_64.manylinux2014_x86_64.whl", hash = "sha256:9f957ef53e872d58a0afd3bf6d80d48535d28c99b40e75e6634cbc33ea42fd54"},
    {file = "protobuf-3.19.5-cp38-cp38-win32.whl", hash = "sha256:5470f892961af464ae6eaf0f3099e2c1190ae8c7f36f174b89491281341f79ca"},
    {file = "protobuf-3.19.5-cp38-cp38-win_amd64.whl", hash = "sha256:c44e3282cff74ad18c7e8a0375f407f69ee50c2116364b44492a196293e08b21"},
    {file = "protobuf-3.19.5-cp39-cp39-macosx_10_9_x86_64.whl", hash = "sha256:66d14b5b90090353efe75c9fb1bf65ef7267383034688d255b500822e37d5c2f"},
    {file = "protobuf-3.19.5-cp39-cp39-manylinux2014_aarch64.whl", hash = "sha256:f4f909f4dde413dec435a44b0894956d55bb928ded7d6e3c726556ca4c796e84"},
    {file = "protobuf-3.19.5-cp39-cp39-manylinux_2_17_x86_64.manylinux2014_x86_64.whl", hash = "sha256:5266c36cc0af3bb3dbf44f199d225b33da66a9a5c3bdc2b14865ad10eddf0e37"},
    {file = "protobuf-3.19.5-cp39-cp39-win32.whl", hash = "sha256:6a02172b9650f819d01fb8e224fc69b0706458fc1ab4f1c669281243c71c1a5e"},
    {file = "protobuf-3.19.5-cp39-cp39-win_amd64.whl", hash = "sha256:696e6cfab94cc15a14946f2bf72719dced087d437adbd994fff34f38986628bc"},
    {file = "protobuf-3.19.5-py2.py3-none-any.whl", hash = "sha256:9e42b1cf2ecd8a1bd161239e693f22035ba99905ae6d7efeac8a0546c7ec1a27"},
    {file = "protobuf-3.19.5.tar.gz", hash = "sha256:e63b0b3c42e51c94add62b010366cd4979cb6d5f06158bcae8faac4c294f91e1"},
]
py = [
    {file = "py-1.11.0-py2.py3-none-any.whl", hash = "sha256:607c53218732647dff4acdfcd50cb62615cedf612e72d1724fb1a0cc6405b378"},
    {file = "py-1.11.0.tar.gz", hash = "sha256:51c75c4126074b472f746a24399ad32f6053d1b34b68d2fa41e558e6f4a98719"},
]
pycodestyle = [
    {file = "pycodestyle-2.9.1-py2.py3-none-any.whl", hash = "sha256:d1735fc58b418fd7c5f658d28d943854f8a849b01a5d0a1e6f3f3fdd0166804b"},
    {file = "pycodestyle-2.9.1.tar.gz", hash = "sha256:2c9607871d58c76354b697b42f5d57e1ada7d261c261efac224b664affdc5785"},
]
pyflakes = [
    {file = "pyflakes-2.5.0-py2.py3-none-any.whl", hash = "sha256:4579f67d887f804e67edb544428f264b7b24f435b263c4614f384135cea553d2"},
    {file = "pyflakes-2.5.0.tar.gz", hash = "sha256:491feb020dca48ccc562a8c0cbe8df07ee13078df59813b83959cbdada312ea3"},
]
pyparsing = [
    {file = "pyparsing-3.0.9-py3-none-any.whl", hash = "sha256:5026bae9a10eeaefb61dab2f09052b9f4307d44aee4eda64b309723d8d206bbc"},
    {file = "pyparsing-3.0.9.tar.gz", hash = "sha256:2b020ecf7d21b687f219b71ecad3631f644a47f01403fa1d1036b0c6416d70fb"},
]
pytest = [
    {file = "pytest-7.1.3-py3-none-any.whl", hash = "sha256:1377bda3466d70b55e3f5cecfa55bb7cfcf219c7964629b967c37cf0bda818b7"},
    {file = "pytest-7.1.3.tar.gz", hash = "sha256:4f365fec2dff9c1162f834d9f18af1ba13062db0c708bf7b946f8a5c76180c39"},
]
setuptools = [
    {file = "setuptools-65.3.0-py3-none-any.whl", hash = "sha256:2e24e0bec025f035a2e72cdd1961119f557d78ad331bb00ff82efb2ab8da8e82"},
    {file = "setuptools-65.3.0.tar.gz", hash = "sha256:7732871f4f7fa58fb6bdcaeadb0161b2bd046c85905dbaa066bdcbcc81953b57"},
]
six = [
    {file = "six-1.16.0-py2.py3-none-any.whl", hash = "sha256:8abb2f1d86890a2dfb989f9a77cfcfd3e47c2a354b01111771326f8aa26e0254"},
    {file = "six-1.16.0.tar.gz", hash = "sha256:1e61c37477a1626458e36f7b1d82aa5c9b094fa4802892072e49de9c60c4c926"},
]
tomli = [
    {file = "tomli-1.2.3-py3-none-any.whl", hash = "sha256:e3069e4be3ead9668e21cb9b074cd948f7b3113fd9c8bba083f48247aab8b11c"},
    {file = "tomli-1.2.3.tar.gz", hash = "sha256:05b6166bff487dc068d322585c7ea4ef78deed501cc124060e0f238e89a9231f"},
]
typing-extensions = [
    {file = "typing_extensions-4.1.1-py3-none-any.whl", hash = "sha256:21c85e0fe4b9a155d0799430b0ad741cdce7e359660ccbd8b530613e8df88ce2"},
    {file = "typing_extensions-4.1.1.tar.gz", hash = "sha256:1a9462dcc3347a79b1f1c0271fbe79e844580bb598bafa1ed208b94da3cdcd42"},
]
wrapt = [
    {file = "wrapt-1.14.1-cp27-cp27m-macosx_10_9_x86_64.whl", hash = "sha256:1b376b3f4896e7930f1f772ac4b064ac12598d1c38d04907e696cc4d794b43d3"},
    {file = "wrapt-1.14.1-cp27-cp27m-manylinux1_i686.whl", hash = "sha256:903500616422a40a98a5a3c4ff4ed9d0066f3b4c951fa286018ecdf0750194ef"},
    {file = "wrapt-1.14.1-cp27-cp27m-manylinux1_x86_64.whl", hash = "sha256:5a9a0d155deafd9448baff28c08e150d9b24ff010e899311ddd63c45c2445e28"},
    {file = "wrapt-1.14.1-cp27-cp27m-manylinux2010_i686.whl", hash = "sha256:ddaea91abf8b0d13443f6dac52e89051a5063c7d014710dcb4d4abb2ff811a59"},
    {file = "wrapt-1.14.1-cp27-cp27m-manylinux2010_x86_64.whl", hash = "sha256:36f582d0c6bc99d5f39cd3ac2a9062e57f3cf606ade29a0a0d6b323462f4dd87"},
    {file = "wrapt-1.14.1-cp27-cp27mu-manylinux1_i686.whl", hash = "sha256:7ef58fb89674095bfc57c4069e95d7a31cfdc0939e2a579882ac7d55aadfd2a1"},
    {file = "wrapt-1.14.1-cp27-cp27mu-manylinux1_x86_64.whl", hash = "sha256:e2f83e18fe2f4c9e7db597e988f72712c0c3676d337d8b101f6758107c42425b"},
    {file = "wrapt-1.14.1-cp27-cp27mu-manylinux2010_i686.whl", hash = "sha256:ee2b1b1769f6707a8a445162ea16dddf74285c3964f605877a20e38545c3c462"},
    {file = "wrapt-1.14.1-cp27-cp27mu-manylinux2010_x86_64.whl", hash = "sha256:833b58d5d0b7e5b9832869f039203389ac7cbf01765639c7309fd50ef619e0b1"},
    {file = "wrapt-1.14.1-cp310-cp310-macosx_10_9_x86_64.whl", hash = "sha256:80bb5c256f1415f747011dc3604b59bc1f91c6e7150bd7db03b19170ee06b320"},
    {file = "wrapt-1.14.1-cp310-cp310-macosx_11_0_arm64.whl", hash = "sha256:07f7a7d0f388028b2df1d916e94bbb40624c59b48ecc6cbc232546706fac74c2"},
    {file = "wrapt-1.14.1-cp310-cp310-manylinux_2_17_aarch64.manylinux2014_aarch64.whl", hash = "sha256:02b41b633c6261feff8ddd8d11c711df6842aba629fdd3da10249a53211a72c4"},
    {file = "wrapt-1.14.1-cp310-cp310-manylinux_2_5_i686.manylinux1_i686.manylinux_2_17_i686.manylinux2014_i686.whl", hash = "sha256:2fe803deacd09a233e4762a1adcea5db5d31e6be577a43352936179d14d90069"},
    {file = "wrapt-1.14.1-cp310-cp310-manylinux_2_5_x86_64.manylinux1_x86_64.manylinux_2_17_x86_64.manylinux2014_x86_64.whl", hash = "sha256:257fd78c513e0fb5cdbe058c27a0624c9884e735bbd131935fd49e9fe719d310"},
    {file = "wrapt-1.14.1-cp310-cp310-musllinux_1_1_aarch64.whl", hash = "sha256:4fcc4649dc762cddacd193e6b55bc02edca674067f5f98166d7713b193932b7f"},
    {file = "wrapt-1.14.1-cp310-cp310-musllinux_1_1_i686.whl", hash = "sha256:11871514607b15cfeb87c547a49bca19fde402f32e2b1c24a632506c0a756656"},
    {file = "wrapt-1.14.1-cp310-cp310-musllinux_1_1_x86_64.whl", hash = "sha256:8ad85f7f4e20964db4daadcab70b47ab05c7c1cf2a7c1e51087bfaa83831854c"},
    {file = "wrapt-1.14.1-cp310-cp310-win32.whl", hash = "sha256:a9a52172be0b5aae932bef82a79ec0a0ce87288c7d132946d645eba03f0ad8a8"},
    {file = "wrapt-1.14.1-cp310-cp310-win_amd64.whl", hash = "sha256:6d323e1554b3d22cfc03cd3243b5bb815a51f5249fdcbb86fda4bf62bab9e164"},
    {file = "wrapt-1.14.1-cp35-cp35m-manylinux1_i686.whl", hash = "sha256:43ca3bbbe97af00f49efb06e352eae40434ca9d915906f77def219b88e85d907"},
    {file = "wrapt-1.14.1-cp35-cp35m-manylinux1_x86_64.whl", hash = "sha256:6b1a564e6cb69922c7fe3a678b9f9a3c54e72b469875aa8018f18b4d1dd1adf3"},
    {file = "wrapt-1.14.1-cp35-cp35m-manylinux2010_i686.whl", hash = "sha256:00b6d4ea20a906c0ca56d84f93065b398ab74b927a7a3dbd470f6fc503f95dc3"},
    {file = "wrapt-1.14.1-cp35-cp35m-manylinux2010_x86_64.whl", hash = "sha256:a85d2b46be66a71bedde836d9e41859879cc54a2a04fad1191eb50c2066f6e9d"},
    {file = "wrapt-1.14.1-cp35-cp35m-win32.whl", hash = "sha256:dbcda74c67263139358f4d188ae5faae95c30929281bc6866d00573783c422b7"},
    {file = "wrapt-1.14.1-cp35-cp35m-win_amd64.whl", hash = "sha256:b21bb4c09ffabfa0e85e3a6b623e19b80e7acd709b9f91452b8297ace2a8ab00"},
    {file = "wrapt-1.14.1-cp36-cp36m-macosx_10_9_x86_64.whl", hash = "sha256:9e0fd32e0148dd5dea6af5fee42beb949098564cc23211a88d799e434255a1f4"},
    {file = "wrapt-1.14.1-cp36-cp36m-manylinux_2_17_aarch64.manylinux2014_aarch64.whl", hash = "sha256:9736af4641846491aedb3c3f56b9bc5568d92b0692303b5a305301a95dfd38b1"},
    {file = "wrapt-1.14.1-cp36-cp36m-manylinux_2_5_i686.manylinux1_i686.manylinux_2_17_i686.manylinux2014_i686.whl", hash = "sha256:5b02d65b9ccf0ef6c34cba6cf5bf2aab1bb2f49c6090bafeecc9cd81ad4ea1c1"},
    {file = "wrapt-1.14.1-cp36-cp36m-manylinux_2_5_x86_64.manylinux1_x86_64.manylinux_2_17_x86_64.manylinux2014_x86_64.whl", hash = "sha256:21ac0156c4b089b330b7666db40feee30a5d52634cc4560e1905d6529a3897ff"},
    {file = "wrapt-1.14.1-cp36-cp36m-musllinux_1_1_aarch64.whl", hash = "sha256:9f3e6f9e05148ff90002b884fbc2a86bd303ae847e472f44ecc06c2cd2fcdb2d"},
    {file = "wrapt-1.14.1-cp36-cp36m-musllinux_1_1_i686.whl", hash = "sha256:6e743de5e9c3d1b7185870f480587b75b1cb604832e380d64f9504a0535912d1"},
    {file = "wrapt-1.14.1-cp36-cp36m-musllinux_1_1_x86_64.whl", hash = "sha256:d79d7d5dc8a32b7093e81e97dad755127ff77bcc899e845f41bf71747af0c569"},
    {file = "wrapt-1.14.1-cp36-cp36m-win32.whl", hash = "sha256:81b19725065dcb43df02b37e03278c011a09e49757287dca60c5aecdd5a0b8ed"},
    {file = "wrapt-1.14.1-cp36-cp36m-win_amd64.whl", hash = "sha256:b014c23646a467558be7da3d6b9fa409b2c567d2110599b7cf9a0c5992b3b471"},
    {file = "wrapt-1.14.1-cp37-cp37m-macosx_10_9_x86_64.whl", hash = "sha256:88bd7b6bd70a5b6803c1abf6bca012f7ed963e58c68d76ee20b9d751c74a3248"},
    {file = "wrapt-1.14.1-cp37-cp37m-manylinux_2_17_aarch64.manylinux2014_aarch64.whl", hash = "sha256:b5901a312f4d14c59918c221323068fad0540e34324925c8475263841dbdfe68"},
    {file = "wrapt-1.14.1-cp37-cp37m-manylinux_2_5_i686.manylinux1_i686.manylinux_2_17_i686.manylinux2014_i686.whl", hash = "sha256:d77c85fedff92cf788face9bfa3ebaa364448ebb1d765302e9af11bf449ca36d"},
    {file = "wrapt-1.14.1-cp37-cp37m-manylinux_2_5_x86_64.manylinux1_x86_64.manylinux_2_17_x86_64.manylinux2014_x86_64.whl", hash = "sha256:8d649d616e5c6a678b26d15ece345354f7c2286acd6db868e65fcc5ff7c24a77"},
    {file = "wrapt-1.14.1-cp37-cp37m-musllinux_1_1_aarch64.whl", hash = "sha256:7d2872609603cb35ca513d7404a94d6d608fc13211563571117046c9d2bcc3d7"},
    {file = "wrapt-1.14.1-cp37-cp37m-musllinux_1_1_i686.whl", hash = "sha256:ee6acae74a2b91865910eef5e7de37dc6895ad96fa23603d1d27ea69df545015"},
    {file = "wrapt-1.14.1-cp37-cp37m-musllinux_1_1_x86_64.whl", hash = "sha256:2b39d38039a1fdad98c87279b48bc5dce2c0ca0d73483b12cb72aa9609278e8a"},
    {file = "wrapt-1.14.1-cp37-cp37m-win32.whl", hash = "sha256:60db23fa423575eeb65ea430cee741acb7c26a1365d103f7b0f6ec412b893853"},
    {file = "wrapt-1.14.1-cp37-cp37m-win_amd64.whl", hash = "sha256:709fe01086a55cf79d20f741f39325018f4df051ef39fe921b1ebe780a66184c"},
    {file = "wrapt-1.14.1-cp38-cp38-macosx_10_9_x86_64.whl", hash = "sha256:8c0ce1e99116d5ab21355d8ebe53d9460366704ea38ae4d9f6933188f327b456"},
    {file = "wrapt-1.14.1-cp38-cp38-macosx_11_0_arm64.whl", hash = "sha256:e3fb1677c720409d5f671e39bac6c9e0e422584e5f518bfd50aa4cbbea02433f"},
    {file = "wrapt-1.14.1-cp38-cp38-manylinux_2_17_aarch64.manylinux2014_aarch64.whl", hash = "sha256:642c2e7a804fcf18c222e1060df25fc210b9c58db7c91416fb055897fc27e8cc"},
    {file = "wrapt-1.14.1-cp38-cp38-manylinux_2_5_i686.manylinux1_i686.manylinux_2_17_i686.manylinux2014_i686.whl", hash = "sha256:7b7c050ae976e286906dd3f26009e117eb000fb2cf3533398c5ad9ccc86867b1"},
    {file = "wrapt-1.14.1-cp38-cp38-manylinux_2_5_x86_64.manylinux1_x86_64.manylinux_2_17_x86_64.manylinux2014_x86_64.whl", hash = "sha256:ef3f72c9666bba2bab70d2a8b79f2c6d2c1a42a7f7e2b0ec83bb2f9e383950af"},
    {file = "wrapt-1.14.1-cp38-cp38-musllinux_1_1_aarch64.whl", hash = "sha256:01c205616a89d09827986bc4e859bcabd64f5a0662a7fe95e0d359424e0e071b"},
    {file = "wrapt-1.14.1-cp38-cp38-musllinux_1_1_i686.whl", hash = "sha256:5a0f54ce2c092aaf439813735584b9537cad479575a09892b8352fea5e988dc0"},
    {file = "wrapt-1.14.1-cp38-cp38-musllinux_1_1_x86_64.whl", hash = "sha256:2cf71233a0ed05ccdabe209c606fe0bac7379fdcf687f39b944420d2a09fdb57"},
    {file = "wrapt-1.14.1-cp38-cp38-win32.whl", hash = "sha256:aa31fdcc33fef9eb2552cbcbfee7773d5a6792c137b359e82879c101e98584c5"},
    {file = "wrapt-1.14.1-cp38-cp38-win_amd64.whl", hash = "sha256:d1967f46ea8f2db647c786e78d8cc7e4313dbd1b0aca360592d8027b8508e24d"},
    {file = "wrapt-1.14.1-cp39-cp39-macosx_10_9_x86_64.whl", hash = "sha256:3232822c7d98d23895ccc443bbdf57c7412c5a65996c30442ebe6ed3df335383"},
    {file = "wrapt-1.14.1-cp39-cp39-macosx_11_0_arm64.whl", hash = "sha256:988635d122aaf2bdcef9e795435662bcd65b02f4f4c1ae37fbee7401c440b3a7"},
    {file = "wrapt-1.14.1-cp39-cp39-manylinux_2_17_aarch64.manylinux2014_aarch64.whl", hash = "sha256:9cca3c2cdadb362116235fdbd411735de4328c61425b0aa9f872fd76d02c4e86"},
    {file = "wrapt-1.14.1-cp39-cp39-manylinux_2_5_i686.manylinux1_i686.manylinux_2_17_i686.manylinux2014_i686.whl", hash = "sha256:d52a25136894c63de15a35bc0bdc5adb4b0e173b9c0d07a2be9d3ca64a332735"},
    {file = "wrapt-1.14.1-cp39-cp39-manylinux_2_5_x86_64.manylinux1_x86_64.manylinux_2_17_x86_64.manylinux2014_x86_64.whl", hash = "sha256:40e7bc81c9e2b2734ea4bc1aceb8a8f0ceaac7c5299bc5d69e37c44d9081d43b"},
    {file = "wrapt-1.14.1-cp39-cp39-musllinux_1_1_aarch64.whl", hash = "sha256:b9b7a708dd92306328117d8c4b62e2194d00c365f18eff11a9b53c6f923b01e3"},
    {file = "wrapt-1.14.1-cp39-cp39-musllinux_1_1_i686.whl", hash = "sha256:6a9a25751acb379b466ff6be78a315e2b439d4c94c1e99cb7266d40a537995d3"},
    {file = "wrapt-1.14.1-cp39-cp39-musllinux_1_1_x86_64.whl", hash = "sha256:34aa51c45f28ba7f12accd624225e2b1e5a3a45206aa191f6f9aac931d9d56fe"},
    {file = "wrapt-1.14.1-cp39-cp39-win32.whl", hash = "sha256:dee0ce50c6a2dd9056c20db781e9c1cfd33e77d2d569f5d1d9321c641bb903d5"},
    {file = "wrapt-1.14.1-cp39-cp39-win_amd64.whl", hash = "sha256:dee60e1de1898bde3b238f18340eec6148986da0455d8ba7848d50470a7a32fb"},
    {file = "wrapt-1.14.1.tar.gz", hash = "sha256:380a85cf89e0e69b7cfbe2ea9f765f004ff419f34194018a6827ac0e3edfed4d"},
]
